
Microsoft Visual Studio Solution File, Format Version 12.00
# Visual Studio 15
VisualStudioVersion = 15.0.27703.2042
MinimumVisualStudioVersion = 10.0.40219.1
Project("{FAE04EC0-301F-11D3-BF4B-00C04F79EFBC}") = "DesktopTrayIcon", "DesktopTrayIcon\DesktopTrayIcon.csproj", "{B4EB4289-694E-4D75-A0D2-1CA64D0AC510}"
EndProject
Global
	GlobalSection(SolutionConfigurationPlatforms) = preSolution
		Debug|Any CPU = Debug|Any CPU
		Release|Any CPU = Release|Any CPU
	EndGlobalSection
	GlobalSection(ProjectConfigurationPlatforms) = postSolution
		{B4EB4289-694E-4D75-A0D2-1CA64D0AC510}.Debug|Any CPU.ActiveCfg = Debug|Any CPU
		{B4EB4289-694E-4D75-A0D2-1CA64D0AC510}.Debug|Any CPU.Build.0 = Debug|Any CPU
		{B4EB4289-694E-4D75-A0D2-1CA64D0AC510}.Release|Any CPU.ActiveCfg = Release|Any CPU
		{B4EB4289-694E-4D75-A0D2-1CA64D0AC510}.Release|Any CPU.Build.0 = Release|Any CPU
	EndGlobalSection
	GlobalSection(SolutionProperties) = preSolution
		HideSolutionNode = FALSE
	EndGlobalSection
	GlobalSection(ExtensibilityGlobals) = postSolution
		SolutionGuid = {F76678FE-AB21-42C4-8B1E-83386DA512B2}
	EndGlobalSection
EndGlobal
